// !$*UTF8*$!
{
	archiveVersion = 1;
	classes = {
	};
	objectVersion = 55;
	objects = {

/* Begin PBXBuildFile section */
		F031CFB0286ECF08001D2C49 /* AppDelegate.swift in Sources */ = {isa = PBXBuildFile; fileRef = F031CFAF286ECF08001D2C49 /* AppDelegate.swift */; };
		F031CFB2286ECF08001D2C49 /* SceneDelegate.swift in Sources */ = {isa = PBXBuildFile; fileRef = F031CFB1286ECF08001D2C49 /* SceneDelegate.swift */; };
		F031CFB4286ECF08001D2C49 /* ViewController.swift in Sources */ = {isa = PBXBuildFile; fileRef = F031CFB3286ECF08001D2C49 /* ViewController.swift */; };
		F031CFB7286ECF08001D2C49 /* Main.storyboard in Resources */ = {isa = PBXBuildFile; fileRef = F031CFB5286ECF08001D2C49 /* Main.storyboard */; };
		F031CFBA286ECF08001D2C49 /* NewsArticleSampleApp.xcdatamodeld in Sources */ = {isa = PBXBuildFile; fileRef = F031CFB8286ECF08001D2C49 /* NewsArticleSampleApp.xcdatamodeld */; };
		F031CFBC286ECF0B001D2C49 /* Assets.xcassets in Resources */ = {isa = PBXBuildFile; fileRef = F031CFBB286ECF0B001D2C49 /* Assets.xcassets */; };
		F031CFBF286ECF0B001D2C49 /* LaunchScreen.storyboard in Resources */ = {isa = PBXBuildFile; fileRef = F031CFBD286ECF0B001D2C49 /* LaunchScreen.storyboard */; };
		F031CFCA286ECF0B001D2C49 /* NewsArticleSampleAppTests.swift in Sources */ = {isa = PBXBuildFile; fileRef = F031CFC9286ECF0B001D2C49 /* NewsArticleSampleAppTests.swift */; };
		F031CFD4286ECF0B001D2C49 /* NewsArticleSampleAppUITests.swift in Sources */ = {isa = PBXBuildFile; fileRef = F031CFD3286ECF0B001D2C49 /* NewsArticleSampleAppUITests.swift */; };
		F031CFD6286ECF0B001D2C49 /* NewsArticleSampleAppUITestsLaunchTests.swift in Sources */ = {isa = PBXBuildFile; fileRef = F031CFD5286ECF0B001D2C49 /* NewsArticleSampleAppUITestsLaunchTests.swift */; };
		F031CFE4286F3C29001D2C49 /* NewsArticlesViewModel.swift in Sources */ = {isa = PBXBuildFile; fileRef = F031CFE3286F3C29001D2C49 /* NewsArticlesViewModel.swift */; };
		F031CFE8286F3C53001D2C49 /* Constants.swift in Sources */ = {isa = PBXBuildFile; fileRef = F031CFE7286F3C53001D2C49 /* Constants.swift */; };
		F031CFEA286F3C65001D2C49 /* RequestManager.swift in Sources */ = {isa = PBXBuildFile; fileRef = F031CFE9286F3C65001D2C49 /* RequestManager.swift */; };
		F031CFEC286F3C73001D2C49 /* APIConst.swift in Sources */ = {isa = PBXBuildFile; fileRef = F031CFEB286F3C73001D2C49 /* APIConst.swift */; };
		F031CFEE286F3C80001D2C49 /* RequestURN.swift in Sources */ = {isa = PBXBuildFile; fileRef = F031CFED286F3C80001D2C49 /* RequestURN.swift */; };
		F031CFF1286F3CBB001D2C49 /* NewArticlesModel.swift in Sources */ = {isa = PBXBuildFile; fileRef = F031CFF0286F3CBB001D2C49 /* NewArticlesModel.swift */; };
		F031CFF4286F3F42001D2C49 /* NewsArticleWebViewVC.swift in Sources */ = {isa = PBXBuildFile; fileRef = F031CFF3286F3F42001D2C49 /* NewsArticleWebViewVC.swift */; };
		F031CFF6286F4283001D2C49 /* NewsArticlesTableViewCell.swift in Sources */ = {isa = PBXBuildFile; fileRef = F031CFF5286F4283001D2C49 /* NewsArticlesTableViewCell.swift */; };
		F031CFFB286F662E001D2C49 /* ImageViewExtension.swift in Sources */ = {isa = PBXBuildFile; fileRef = F031CFFA286F662D001D2C49 /* ImageViewExtension.swift */; };
		F031D01128701D62001D2C49 /* MockWebViewController.swift in Sources */ = {isa = PBXBuildFile; fileRef = F031D01028701D62001D2C49 /* MockWebViewController.swift */; };
		F0CEBFDD2873573900333AF0 /* MockResponse.json in Resources */ = {isa = PBXBuildFile; fileRef = F0CEBFDC2873573800333AF0 /* MockResponse.json */; };
		F0CEBFDF2873575F00333AF0 /* MockResponse.json in Resources */ = {isa = PBXBuildFile; fileRef = F0CEBFDE2873575F00333AF0 /* MockResponse.json */; };
/* End PBXBuildFile section */

/* Begin PBXContainerItemProxy section */
		F031CFC6286ECF0B001D2C49 /* PBXContainerItemProxy */ = {
			isa = PBXContainerItemProxy;
			containerPortal = F031CFA4286ECF08001D2C49 /* Project object */;
			proxyType = 1;
			remoteGlobalIDString = F031CFAB286ECF08001D2C49;
			remoteInfo = NewsArticleSampleApp;
		};
		F031CFD0286ECF0B001D2C49 /* PBXContainerItemProxy */ = {
			isa = PBXContainerItemProxy;
			containerPortal = F031CFA4286ECF08001D2C49 /* Project object */;
			proxyType = 1;
			remoteGlobalIDString = F031CFAB286ECF08001D2C49;
			remoteInfo = NewsArticleSampleApp;
		};
		F031D00B28701AF1001D2C49 /* PBXContainerItemProxy */ = {
			isa = PBXContainerItemProxy;
			containerPortal = F031CFA4286ECF08001D2C49 /* Project object */;
			proxyType = 1;
			remoteGlobalIDString = F031CFAB286ECF08001D2C49;
			remoteInfo = NewsArticleSampleApp;
		};
/* End PBXContainerItemProxy section */

/* Begin PBXFileReference section */
		F031CFAC286ECF08001D2C49 /* NewsArticleSampleApp.app */ = {isa = PBXFileReference; explicitFileType = wrapper.application; includeInIndex = 0; path = NewsArticleSampleApp.app; sourceTree = BUILT_PRODUCTS_DIR; };
		F031CFAF286ECF08001D2C49 /* AppDelegate.swift */ = {isa = PBXFileReference; lastKnownFileType = sourcecode.swift; path = AppDelegate.swift; sourceTree = "<group>"; };
		F031CFB1286ECF08001D2C49 /* SceneDelegate.swift */ = {isa = PBXFileReference; lastKnownFileType = sourcecode.swift; path = SceneDelegate.swift; sourceTree = "<group>"; };
		F031CFB3286ECF08001D2C49 /* ViewController.swift */ = {isa = PBXFileReference; lastKnownFileType = sourcecode.swift; path = ViewController.swift; sourceTree = "<group>"; };
		F031CFB6286ECF08001D2C49 /* Base */ = {isa = PBXFileReference; lastKnownFileType = file.storyboard; name = Base; path = Base.lproj/Main.storyboard; sourceTree = "<group>"; };
		F031CFB9286ECF08001D2C49 /* NewsArticleSampleApp.xcdatamodel */ = {isa = PBXFileReference; lastKnownFileType = wrapper.xcdatamodel; path = NewsArticleSampleApp.xcdatamodel; sourceTree = "<group>"; };
		F031CFBB286ECF0B001D2C49 /* Assets.xcassets */ = {isa = PBXFileReference; lastKnownFileType = folder.assetcatalog; path = Assets.xcassets; sourceTree = "<group>"; };
		F031CFBE286ECF0B001D2C49 /* Base */ = {isa = PBXFileReference; lastKnownFileType = file.storyboard; name = Base; path = Base.lproj/LaunchScreen.storyboard; sourceTree = "<group>"; };
		F031CFC0286ECF0B001D2C49 /* Info.plist */ = {isa = PBXFileReference; lastKnownFileType = text.plist.xml; path = Info.plist; sourceTree = "<group>"; };
		F031CFC5286ECF0B001D2C49 /* NewsArticleSampleAppTests.xctest */ = {isa = PBXFileReference; explicitFileType = wrapper.cfbundle; includeInIndex = 0; path = NewsArticleSampleAppTests.xctest; sourceTree = BUILT_PRODUCTS_DIR; };
		F031CFC9286ECF0B001D2C49 /* NewsArticleSampleAppTests.swift */ = {isa = PBXFileReference; lastKnownFileType = sourcecode.swift; path = NewsArticleSampleAppTests.swift; sourceTree = "<group>"; };
		F031CFCF286ECF0B001D2C49 /* NewsArticleSampleAppUITests.xctest */ = {isa = PBXFileReference; explicitFileType = wrapper.cfbundle; includeInIndex = 0; path = NewsArticleSampleAppUITests.xctest; sourceTree = BUILT_PRODUCTS_DIR; };
		F031CFD3286ECF0B001D2C49 /* NewsArticleSampleAppUITests.swift */ = {isa = PBXFileReference; lastKnownFileType = sourcecode.swift; path = NewsArticleSampleAppUITests.swift; sourceTree = "<group>"; };
		F031CFD5286ECF0B001D2C49 /* NewsArticleSampleAppUITestsLaunchTests.swift */ = {isa = PBXFileReference; lastKnownFileType = sourcecode.swift; path = NewsArticleSampleAppUITestsLaunchTests.swift; sourceTree = "<group>"; };
		F031CFE3286F3C29001D2C49 /* NewsArticlesViewModel.swift */ = {isa = PBXFileReference; lastKnownFileType = sourcecode.swift; path = NewsArticlesViewModel.swift; sourceTree = "<group>"; };
		F031CFE7286F3C53001D2C49 /* Constants.swift */ = {isa = PBXFileReference; lastKnownFileType = sourcecode.swift; path = Constants.swift; sourceTree = "<group>"; };
		F031CFE9286F3C65001D2C49 /* RequestManager.swift */ = {isa = PBXFileReference; lastKnownFileType = sourcecode.swift; path = RequestManager.swift; sourceTree = "<group>"; };
		F031CFEB286F3C73001D2C49 /* APIConst.swift */ = {isa = PBXFileReference; lastKnownFileType = sourcecode.swift; path = APIConst.swift; sourceTree = "<group>"; };
		F031CFED286F3C80001D2C49 /* RequestURN.swift */ = {isa = PBXFileReference; lastKnownFileType = sourcecode.swift; path = RequestURN.swift; sourceTree = "<group>"; };
		F031CFF0286F3CBB001D2C49 /* NewArticlesModel.swift */ = {isa = PBXFileReference; lastKnownFileType = sourcecode.swift; path = NewArticlesModel.swift; sourceTree = "<group>"; };
		F031CFF3286F3F42001D2C49 /* NewsArticleWebViewVC.swift */ = {isa = PBXFileReference; lastKnownFileType = sourcecode.swift; path = NewsArticleWebViewVC.swift; sourceTree = "<group>"; };
		F031CFF5286F4283001D2C49 /* NewsArticlesTableViewCell.swift */ = {isa = PBXFileReference; lastKnownFileType = sourcecode.swift; path = NewsArticlesTableViewCell.swift; sourceTree = "<group>"; };
		F031CFFA286F662D001D2C49 /* ImageViewExtension.swift */ = {isa = PBXFileReference; lastKnownFileType = sourcecode.swift; path = ImageViewExtension.swift; sourceTree = "<group>"; };
		F031D00728701AF1001D2C49 /* NewsArticleSampleAppUnitTests.xctest */ = {isa = PBXFileReference; explicitFileType = wrapper.cfbundle; includeInIndex = 0; path = NewsArticleSampleAppUnitTests.xctest; sourceTree = BUILT_PRODUCTS_DIR; };
		F031D01028701D62001D2C49 /* MockWebViewController.swift */ = {isa = PBXFileReference; lastKnownFileType = sourcecode.swift; path = MockWebViewController.swift; sourceTree = "<group>"; };
		F0CEBFDC2873573800333AF0 /* MockResponse.json */ = {isa = PBXFileReference; fileEncoding = 4; lastKnownFileType = text.json; path = MockResponse.json; sourceTree = "<group>"; };
		F0CEBFDE2873575F00333AF0 /* MockResponse.json */ = {isa = PBXFileReference; fileEncoding = 4; lastKnownFileType = text.json; path = MockResponse.json; sourceTree = "<group>"; };
/* End PBXFileReference section */

/* Begin PBXFrameworksBuildPhase section */
		F031CFA9286ECF08001D2C49 /* Frameworks */ = {
			isa = PBXFrameworksBuildPhase;
			buildActionMask = 2147483647;
			files = (
			);
			runOnlyForDeploymentPostprocessing = 0;
		};
		F031CFC2286ECF0B001D2C49 /* Frameworks */ = {
			isa = PBXFrameworksBuildPhase;
			buildActionMask = 2147483647;
			files = (
			);
			runOnlyForDeploymentPostprocessing = 0;
		};
		F031CFCC286ECF0B001D2C49 /* Frameworks */ = {
			isa = PBXFrameworksBuildPhase;
			buildActionMask = 2147483647;
			files = (
			);
			runOnlyForDeploymentPostprocessing = 0;
		};
		F031D00428701AF1001D2C49 /* Frameworks */ = {
			isa = PBXFrameworksBuildPhase;
			buildActionMask = 2147483647;
			files = (
			);
			runOnlyForDeploymentPostprocessing = 0;
		};
/* End PBXFrameworksBuildPhase section */

/* Begin PBXGroup section */
		F031CFA3286ECF08001D2C49 = {
			isa = PBXGroup;
			children = (
				F031CFAE286ECF08001D2C49 /* NewsArticleSampleApp */,
				F031CFC8286ECF0B001D2C49 /* NewsArticleSampleAppTests */,
				F031CFD2286ECF0B001D2C49 /* NewsArticleSampleAppUITests */,
				F031CFAD286ECF08001D2C49 /* Products */,
			);
			sourceTree = "<group>";
		};
		F031CFAD286ECF08001D2C49 /* Products */ = {
			isa = PBXGroup;
			children = (
				F031CFAC286ECF08001D2C49 /* NewsArticleSampleApp.app */,
				F031CFC5286ECF0B001D2C49 /* NewsArticleSampleAppTests.xctest */,
				F031CFCF286ECF0B001D2C49 /* NewsArticleSampleAppUITests.xctest */,
				F031D00728701AF1001D2C49 /* NewsArticleSampleAppUnitTests.xctest */,
			);
			name = Products;
			sourceTree = "<group>";
		};
		F031CFAE286ECF08001D2C49 /* NewsArticleSampleApp */ = {
			isa = PBXGroup;
			children = (
				F031CFF2286F3F26001D2C49 /* WebView */,
				F031CFEF286F3CAE001D2C49 /* Model */,
				F031CFE6286F3C42001D2C49 /* Utility */,
				F031CFE5286F3C31001D2C49 /* NetworkManger */,
				F031CFE2286F3C0E001D2C49 /* ViewModel */,
				F031CFAF286ECF08001D2C49 /* AppDelegate.swift */,
				F031CFB1286ECF08001D2C49 /* SceneDelegate.swift */,
				F0CEBFDE2873575F00333AF0 /* MockResponse.json */,
				F031CFB3286ECF08001D2C49 /* ViewController.swift */,
				F031CFB5286ECF08001D2C49 /* Main.storyboard */,
				F031CFBB286ECF0B001D2C49 /* Assets.xcassets */,
				F031CFBD286ECF0B001D2C49 /* LaunchScreen.storyboard */,
				F031CFC0286ECF0B001D2C49 /* Info.plist */,
				F031CFB8286ECF08001D2C49 /* NewsArticleSampleApp.xcdatamodeld */,
				F031CFF5286F4283001D2C49 /* NewsArticlesTableViewCell.swift */,
			);
			path = NewsArticleSampleApp;
			sourceTree = "<group>";
		};
		F031CFC8286ECF0B001D2C49 /* NewsArticleSampleAppTests */ = {
			isa = PBXGroup;
			children = (
				F0CEBFDC2873573800333AF0 /* MockResponse.json */,
				F031CFC9286ECF0B001D2C49 /* NewsArticleSampleAppTests.swift */,
				F031D01028701D62001D2C49 /* MockWebViewController.swift */,
			);
			path = NewsArticleSampleAppTests;
			sourceTree = "<group>";
		};
		F031CFD2286ECF0B001D2C49 /* NewsArticleSampleAppUITests */ = {
			isa = PBXGroup;
			children = (
				F031CFD3286ECF0B001D2C49 /* NewsArticleSampleAppUITests.swift */,
				F031CFD5286ECF0B001D2C49 /* NewsArticleSampleAppUITestsLaunchTests.swift */,
			);
			path = NewsArticleSampleAppUITests;
			sourceTree = "<group>";
		};
		F031CFE2286F3C0E001D2C49 /* ViewModel */ = {
			isa = PBXGroup;
			children = (
				F031CFE3286F3C29001D2C49 /* NewsArticlesViewModel.swift */,
			);
			path = ViewModel;
			sourceTree = "<group>";
		};
		F031CFE5286F3C31001D2C49 /* NetworkManger */ = {
			isa = PBXGroup;
			children = (
				F031CFE9286F3C65001D2C49 /* RequestManager.swift */,
				F031CFEB286F3C73001D2C49 /* APIConst.swift */,
				F031CFED286F3C80001D2C49 /* RequestURN.swift */,
			);
			path = NetworkManger;
			sourceTree = "<group>";
		};
		F031CFE6286F3C42001D2C49 /* Utility */ = {
			isa = PBXGroup;
			children = (
				F031CFE7286F3C53001D2C49 /* Constants.swift */,
				F031CFFA286F662D001D2C49 /* ImageViewExtension.swift */,
			);
			path = Utility;
			sourceTree = "<group>";
		};
		F031CFEF286F3CAE001D2C49 /* Model */ = {
			isa = PBXGroup;
			children = (
				F031CFF0286F3CBB001D2C49 /* NewArticlesModel.swift */,
			);
			path = Model;
			sourceTree = "<group>";
		};
		F031CFF2286F3F26001D2C49 /* WebView */ = {
			isa = PBXGroup;
			children = (
				F031CFF3286F3F42001D2C49 /* NewsArticleWebViewVC.swift */,
			);
			path = WebView;
			sourceTree = "<group>";
		};
/* End PBXGroup section */

/* Begin PBXNativeTarget section */
		F031CFAB286ECF08001D2C49 /* NewsArticleSampleApp */ = {
			isa = PBXNativeTarget;
			buildConfigurationList = F031CFD9286ECF0B001D2C49 /* Build configuration list for PBXNativeTarget "NewsArticleSampleApp" */;
			buildPhases = (
				F031CFA8286ECF08001D2C49 /* Sources */,
				F031CFA9286ECF08001D2C49 /* Frameworks */,
				F031CFAA286ECF08001D2C49 /* Resources */,
			);
			buildRules = (
			);
			dependencies = (
			);
			name = NewsArticleSampleApp;
			productName = NewsArticleSampleApp;
			productReference = F031CFAC286ECF08001D2C49 /* NewsArticleSampleApp.app */;
			productType = "com.apple.product-type.application";
		};
		F031CFC4286ECF0B001D2C49 /* NewsArticleSampleAppTests */ = {
			isa = PBXNativeTarget;
			buildConfigurationList = F031CFDC286ECF0B001D2C49 /* Build configuration list for PBXNativeTarget "NewsArticleSampleAppTests" */;
			buildPhases = (
				F031CFC1286ECF0B001D2C49 /* Sources */,
				F031CFC2286ECF0B001D2C49 /* Frameworks */,
				F031CFC3286ECF0B001D2C49 /* Resources */,
			);
			buildRules = (
			);
			dependencies = (
				F031CFC7286ECF0B001D2C49 /* PBXTargetDependency */,
			);
			name = NewsArticleSampleAppTests;
			productName = NewsArticleSampleAppTests;
			productReference = F031CFC5286ECF0B001D2C49 /* NewsArticleSampleAppTests.xctest */;
			productType = "com.apple.product-type.bundle.unit-test";
		};
		F031CFCE286ECF0B001D2C49 /* NewsArticleSampleAppUITests */ = {
			isa = PBXNativeTarget;
			buildConfigurationList = F031CFDF286ECF0B001D2C49 /* Build configuration list for PBXNativeTarget "NewsArticleSampleAppUITests" */;
			buildPhases = (
				F031CFCB286ECF0B001D2C49 /* Sources */,
				F031CFCC286ECF0B001D2C49 /* Frameworks */,
				F031CFCD286ECF0B001D2C49 /* Resources */,
			);
			buildRules = (
			);
			dependencies = (
				F031CFD1286ECF0B001D2C49 /* PBXTargetDependency */,
			);
			name = NewsArticleSampleAppUITests;
			productName = NewsArticleSampleAppUITests;
			productReference = F031CFCF286ECF0B001D2C49 /* NewsArticleSampleAppUITests.xctest */;
			productType = "com.apple.product-type.bundle.ui-testing";
		};
		F031D00628701AF1001D2C49 /* NewsArticleSampleAppUnitTests */ = {
			isa = PBXNativeTarget;
			buildConfigurationList = F031D00D28701AF1001D2C49 /* Build configuration list for PBXNativeTarget "NewsArticleSampleAppUnitTests" */;
			buildPhases = (
				F031D00328701AF1001D2C49 /* Sources */,
				F031D00428701AF1001D2C49 /* Frameworks */,
				F031D00528701AF1001D2C49 /* Resources */,
			);
			buildRules = (
			);
			dependencies = (
				F031D00C28701AF1001D2C49 /* PBXTargetDependency */,
			);
			name = NewsArticleSampleAppUnitTests;
			productName = NewsArticleSampleAppUnitTests;
			productReference = F031D00728701AF1001D2C49 /* NewsArticleSampleAppUnitTests.xctest */;
			productType = "com.apple.product-type.bundle.unit-test";
		};
/* End PBXNativeTarget section */

/* Begin PBXProject section */
		F031CFA4286ECF08001D2C49 /* Project object */ = {
			isa = PBXProject;
			attributes = {
				BuildIndependentTargetsInParallel = 1;
				LastSwiftUpdateCheck = 1310;
				LastUpgradeCheck = 1310;
				TargetAttributes = {
					F031CFAB286ECF08001D2C49 = {
						CreatedOnToolsVersion = 13.1;
					};
					F031CFC4286ECF0B001D2C49 = {
						CreatedOnToolsVersion = 13.1;
						TestTargetID = F031CFAB286ECF08001D2C49;
					};
					F031CFCE286ECF0B001D2C49 = {
						CreatedOnToolsVersion = 13.1;
						TestTargetID = F031CFAB286ECF08001D2C49;
					};
					F031D00628701AF1001D2C49 = {
						CreatedOnToolsVersion = 13.1;
						TestTargetID = F031CFAB286ECF08001D2C49;
					};
				};
			};
			buildConfigurationList = F031CFA7286ECF08001D2C49 /* Build configuration list for PBXProject "NewsArticleSampleApp" */;
			compatibilityVersion = "Xcode 13.0";
			developmentRegion = en;
			hasScannedForEncodings = 0;
			knownRegions = (
				en,
				Base,
			);
			mainGroup = F031CFA3286ECF08001D2C49;
			productRefGroup = F031CFAD286ECF08001D2C49 /* Products */;
			projectDirPath = "";
			projectRoot = "";
			targets = (
				F031CFAB286ECF08001D2C49 /* NewsArticleSampleApp */,
				F031CFC4286ECF0B001D2C49 /* NewsArticleSampleAppTests */,
				F031CFCE286ECF0B001D2C49 /* NewsArticleSampleAppUITests */,
				F031D00628701AF1001D2C49 /* NewsArticleSampleAppUnitTests */,
			);
		};
/* End PBXProject section */

/* Begin PBXResourcesBuildPhase section */
		F031CFAA286ECF08001D2C49 /* Resources */ = {
			isa = PBXResourcesBuildPhase;
			buildActionMask = 2147483647;
			files = (
				F031CFBF286ECF0B001D2C49 /* LaunchScreen.storyboard in Resources */,
				F031CFBC286ECF0B001D2C49 /* Assets.xcassets in Resources */,
				F0CEBFDF2873575F00333AF0 /* MockResponse.json in Resources */,
				F031CFB7286ECF08001D2C49 /* Main.storyboard in Resources */,
			);
			runOnlyForDeploymentPostprocessing = 0;
		};
		F031CFC3286ECF0B001D2C49 /* Resources */ = {
			isa = PBXResourcesBuildPhase;
			buildActionMask = 2147483647;
			files = (
				F0CEBFDD2873573900333AF0 /* MockResponse.json in Resources */,
			);
			runOnlyForDeploymentPostprocessing = 0;
		};
		F031CFCD286ECF0B001D2C49 /* Resources */ = {
			isa = PBXResourcesBuildPhase;
			buildActionMask = 2147483647;
			files = (
			);
			runOnlyForDeploymentPostprocessing = 0;
		};
		F031D00528701AF1001D2C49 /* Resources */ = {
			isa = PBXResourcesBuildPhase;
			buildActionMask = 2147483647;
			files = (
			);
			runOnlyForDeploymentPostprocessing = 0;
		};
/* End PBXResourcesBuildPhase section */

/* Begin PBXSourcesBuildPhase section */
		F031CFA8286ECF08001D2C49 /* Sources */ = {
			isa = PBXSourcesBuildPhase;
			buildActionMask = 2147483647;
			files = (
				F031CFB4286ECF08001D2C49 /* ViewController.swift in Sources */,
				F031CFB0286ECF08001D2C49 /* AppDelegate.swift in Sources */,
				F031CFEC286F3C73001D2C49 /* APIConst.swift in Sources */,
				F031CFE4286F3C29001D2C49 /* NewsArticlesViewModel.swift in Sources */,
				F031CFB2286ECF08001D2C49 /* SceneDelegate.swift in Sources */,
				F031CFF6286F4283001D2C49 /* NewsArticlesTableViewCell.swift in Sources */,
				F031CFFB286F662E001D2C49 /* ImageViewExtension.swift in Sources */,
				F031CFF1286F3CBB001D2C49 /* NewArticlesModel.swift in Sources */,
				F031CFEE286F3C80001D2C49 /* RequestURN.swift in Sources */,
				F031CFEA286F3C65001D2C49 /* RequestManager.swift in Sources */,
				F031CFF4286F3F42001D2C49 /* NewsArticleWebViewVC.swift in Sources */,
				F031CFBA286ECF08001D2C49 /* NewsArticleSampleApp.xcdatamodeld in Sources */,
				F031CFE8286F3C53001D2C49 /* Constants.swift in Sources */,
			);
			runOnlyForDeploymentPostprocessing = 0;
		};
		F031CFC1286ECF0B001D2C49 /* Sources */ = {
			isa = PBXSourcesBuildPhase;
			buildActionMask = 2147483647;
			files = (
				F031D01128701D62001D2C49 /* MockWebViewController.swift in Sources */,
				F031CFCA286ECF0B001D2C49 /* NewsArticleSampleAppTests.swift in Sources */,
			);
			runOnlyForDeploymentPostprocessing = 0;
		};
		F031CFCB286ECF0B001D2C49 /* Sources */ = {
			isa = PBXSourcesBuildPhase;
			buildActionMask = 2147483647;
			files = (
				F031CFD6286ECF0B001D2C49 /* NewsArticleSampleAppUITestsLaunchTests.swift in Sources */,
				F031CFD4286ECF0B001D2C49 /* NewsArticleSampleAppUITests.swift in Sources */,
			);
			runOnlyForDeploymentPostprocessing = 0;
		};
		F031D00328701AF1001D2C49 /* Sources */ = {
			isa = PBXSourcesBuildPhase;
			buildActionMask = 2147483647;
			files = (
			);
			runOnlyForDeploymentPostprocessing = 0;
		};
/* End PBXSourcesBuildPhase section */

/* Begin PBXTargetDependency section */
		F031CFC7286ECF0B001D2C49 /* PBXTargetDependency */ = {
			isa = PBXTargetDependency;
			target = F031CFAB286ECF08001D2C49 /* NewsArticleSampleApp */;
			targetProxy = F031CFC6286ECF0B001D2C49 /* PBXContainerItemProxy */;
		};
		F031CFD1286ECF0B001D2C49 /* PBXTargetDependency */ = {
			isa = PBXTargetDependency;
			target = F031CFAB286ECF08001D2C49 /* NewsArticleSampleApp */;
			targetProxy = F031CFD0286ECF0B001D2C49 /* PBXContainerItemProxy */;
		};
		F031D00C28701AF1001D2C49 /* PBXTargetDependency */ = {
			isa = PBXTargetDependency;
			target = F031CFAB286ECF08001D2C49 /* NewsArticleSampleApp */;
			targetProxy = F031D00B28701AF1001D2C49 /* PBXContainerItemProxy */;
		};
/* End PBXTargetDependency section */

/* Begin PBXVariantGroup section */
		F031CFB5286ECF08001D2C49 /* Main.storyboard */ = {
			isa = PBXVariantGroup;
			children = (
				F031CFB6286ECF08001D2C49 /* Base */,
			);
			name = Main.storyboard;
			sourceTree = "<group>";
		};
		F031CFBD286ECF0B001D2C49 /* LaunchScreen.storyboard */ = {
			isa = PBXVariantGroup;
			children = (
				F031CFBE286ECF0B001D2C49 /* Base */,
			);
			name = LaunchScreen.storyboard;
			sourceTree = "<group>";
		};
/* End PBXVariantGroup section */

/* Begin XCBuildConfiguration section */
		F031CFD7286ECF0B001D2C49 /* Debug */ = {
			isa = XCBuildConfiguration;
			buildSettings = {
				ALWAYS_SEARCH_USER_PATHS = NO;
				CLANG_ANALYZER_NONNULL = YES;
				CLANG_ANALYZER_NUMBER_OBJECT_CONVERSION = YES_AGGRESSIVE;
				CLANG_CXX_LANGUAGE_STANDARD = "gnu++17";
				CLANG_CXX_LIBRARY = "libc++";
				CLANG_ENABLE_MODULES = YES;
				CLANG_ENABLE_OBJC_ARC = YES;
				CLANG_ENABLE_OBJC_WEAK = YES;
				CLANG_WARN_BLOCK_CAPTURE_AUTORELEASING = YES;
				CLANG_WARN_BOOL_CONVERSION = YES;
				CLANG_WARN_COMMA = YES;
				CLANG_WARN_CONSTANT_CONVERSION = YES;
				CLANG_WARN_DEPRECATED_OBJC_IMPLEMENTATIONS = YES;
				CLANG_WARN_DIRECT_OBJC_ISA_USAGE = YES_ERROR;
				CLANG_WARN_DOCUMENTATION_COMMENTS = YES;
				CLANG_WARN_EMPTY_BODY = YES;
				CLANG_WARN_ENUM_CONVERSION = YES;
				CLANG_WARN_INFINITE_RECURSION = YES;
				CLANG_WARN_INT_CONVERSION = YES;
				CLANG_WARN_NON_LITERAL_NULL_CONVERSION = YES;
				CLANG_WARN_OBJC_IMPLICIT_RETAIN_SELF = YES;
				CLANG_WARN_OBJC_LITERAL_CONVERSION = YES;
				CLANG_WARN_OBJC_ROOT_CLASS = YES_ERROR;
				CLANG_WARN_QUOTED_INCLUDE_IN_FRAMEWORK_HEADER = YES;
				CLANG_WARN_RANGE_LOOP_ANALYSIS = YES;
				CLANG_WARN_STRICT_PROTOTYPES = YES;
				CLANG_WARN_SUSPICIOUS_MOVE = YES;
				CLANG_WARN_UNGUARDED_AVAILABILITY = YES_AGGRESSIVE;
				CLANG_WARN_UNREACHABLE_CODE = YES;
				CLANG_WARN__DUPLICATE_METHOD_MATCH = YES;
				COPY_PHASE_STRIP = NO;
				DEBUG_INFORMATION_FORMAT = dwarf;
				ENABLE_STRICT_OBJC_MSGSEND = YES;
				ENABLE_TESTABILITY = YES;
				GCC_C_LANGUAGE_STANDARD = gnu11;
				GCC_DYNAMIC_NO_PIC = NO;
				GCC_NO_COMMON_BLOCKS = YES;
				GCC_OPTIMIZATION_LEVEL = 0;
				GCC_PREPROCESSOR_DEFINITIONS = (
					"DEBUG=1",
					"$(inherited)",
				);
				GCC_WARN_64_TO_32_BIT_CONVERSION = YES;
				GCC_WARN_ABOUT_RETURN_TYPE = YES_ERROR;
				GCC_WARN_UNDECLARED_SELECTOR = YES;
				GCC_WARN_UNINITIALIZED_AUTOS = YES_AGGRESSIVE;
				GCC_WARN_UNUSED_FUNCTION = YES;
				GCC_WARN_UNUSED_VARIABLE = YES;
				IPHONEOS_DEPLOYMENT_TARGET = 15.0;
				MTL_ENABLE_DEBUG_INFO = INCLUDE_SOURCE;
				MTL_FAST_MATH = YES;
				ONLY_ACTIVE_ARCH = YES;
				SDKROOT = iphoneos;
				SWIFT_ACTIVE_COMPILATION_CONDITIONS = DEBUG;
				SWIFT_OPTIMIZATION_LEVEL = "-Onone";
			};
			name = Debug;
		};
		F031CFD8286ECF0B001D2C49 /* Release */ = {
			isa = XCBuildConfiguration;
			buildSettings = {
				ALWAYS_SEARCH_USER_PATHS = NO;
				CLANG_ANALYZER_NONNULL = YES;
				CLANG_ANALYZER_NUMBER_OBJECT_CONVERSION = YES_AGGRESSIVE;
				CLANG_CXX_LANGUAGE_STANDARD = "gnu++17";
				CLANG_CXX_LIBRARY = "libc++";
				CLANG_ENABLE_MODULES = YES;
				CLANG_ENABLE_OBJC_ARC = YES;
				CLANG_ENABLE_OBJC_WEAK = YES;
				CLANG_WARN_BLOCK_CAPTURE_AUTORELEASING = YES;
				CLANG_WARN_BOOL_CONVERSION = YES;
				CLANG_WARN_COMMA = YES;
				CLANG_WARN_CONSTANT_CONVERSION = YES;
				CLANG_WARN_DEPRECATED_OBJC_IMPLEMENTATIONS = YES;
				CLANG_WARN_DIRECT_OBJC_ISA_USAGE = YES_ERROR;
				CLANG_WARN_DOCUMENTATION_COMMENTS = YES;
				CLANG_WARN_EMPTY_BODY = YES;
				CLANG_WARN_ENUM_CONVERSION = YES;
				CLANG_WARN_INFINITE_RECURSION = YES;
				CLANG_WARN_INT_CONVERSION = YES;
				CLANG_WARN_NON_LITERAL_NULL_CONVERSION = YES;
				CLANG_WARN_OBJC_IMPLICIT_RETAIN_SELF = YES;
				CLANG_WARN_OBJC_LITERAL_CONVERSION = YES;
				CLANG_WARN_OBJC_ROOT_CLASS = YES_ERROR;
				CLANG_WARN_QUOTED_INCLUDE_IN_FRAMEWORK_HEADER = YES;
				CLANG_WARN_RANGE_LOOP_ANALYSIS = YES;
				CLANG_WARN_STRICT_PROTOTYPES = YES;
				CLANG_WARN_SUSPICIOUS_MOVE = YES;
				CLANG_WARN_UNGUARDED_AVAILABILITY = YES_AGGRESSIVE;
				CLANG_WARN_UNREACHABLE_CODE = YES;
				CLANG_WARN__DUPLICATE_METHOD_MATCH = YES;
				COPY_PHASE_STRIP = NO;
				DEBUG_INFORMATION_FORMAT = "dwarf-with-dsym";
				ENABLE_NS_ASSERTIONS = NO;
				ENABLE_STRICT_OBJC_MSGSEND = YES;
				GCC_C_LANGUAGE_STANDARD = gnu11;
				GCC_NO_COMMON_BLOCKS = YES;
				GCC_WARN_64_TO_32_BIT_CONVERSION = YES;
				GCC_WARN_ABOUT_RETURN_TYPE = YES_ERROR;
				GCC_WARN_UNDECLARED_SELECTOR = YES;
				GCC_WARN_UNINITIALIZED_AUTOS = YES_AGGRESSIVE;
				GCC_WARN_UNUSED_FUNCTION = YES;
				GCC_WARN_UNUSED_VARIABLE = YES;
				IPHONEOS_DEPLOYMENT_TARGET = 15.0;
				MTL_ENABLE_DEBUG_INFO = NO;
				MTL_FAST_MATH = YES;
				SDKROOT = iphoneos;
				SWIFT_COMPILATION_MODE = wholemodule;
				SWIFT_OPTIMIZATION_LEVEL = "-O";
				VALIDATE_PRODUCT = YES;
			};
			name = Release;
		};
		F031CFDA286ECF0B001D2C49 /* Debug */ = {
			isa = XCBuildConfiguration;
			buildSettings = {
				ASSETCATALOG_COMPILER_APPICON_NAME = AppIcon;
				ASSETCATALOG_COMPILER_GLOBAL_ACCENT_COLOR_NAME = AccentColor;
				CODE_SIGN_STYLE = Automatic;
				CURRENT_PROJECT_VERSION = 1;
				DEVELOPMENT_TEAM = VCWVH5MHW5;
				GENERATE_INFOPLIST_FILE = YES;
				INFOPLIST_FILE = NewsArticleSampleApp/Info.plist;
				INFOPLIST_KEY_UIApplicationSupportsIndirectInputEvents = YES;
				INFOPLIST_KEY_UILaunchStoryboardName = LaunchScreen;
				INFOPLIST_KEY_UIMainStoryboardFile = Main;
				INFOPLIST_KEY_UISupportedInterfaceOrientations_iPad = "UIInterfaceOrientationPortrait UIInterfaceOrientationPortraitUpsideDown UIInterfaceOrientationLandscapeLeft UIInterfaceOrientationLandscapeRight";
				INFOPLIST_KEY_UISupportedInterfaceOrientations_iPhone = "UIInterfaceOrientationPortrait UIInterfaceOrientationLandscapeLeft UIInterfaceOrientationLandscapeRight";
				LD_RUNPATH_SEARCH_PATHS = (
					"$(inherited)",
					"@executable_path/Frameworks",
				);
				MARKETING_VERSION = 1.0;
				PRODUCT_BUNDLE_IDENTIFIER = com.dev.NewsArticleSampleApp;
				PRODUCT_NAME = "$(TARGET_NAME)";
				SWIFT_EMIT_LOC_STRINGS = YES;
				SWIFT_VERSION = 5.0;
				TARGETED_DEVICE_FAMILY = "1,2";
			};
			name = Debug;
		};
		F031CFDB286ECF0B001D2C49 /* Release */ = {
			isa = XCBuildConfiguration;
			buildSettings = {
				ASSETCATALOG_COMPILER_APPICON_NAME = AppIcon;
				ASSETCATALOG_COMPILER_GLOBAL_ACCENT_COLOR_NAME = AccentColor;
				CODE_SIGN_STYLE = Automatic;
				CURRENT_PROJECT_VERSION = 1;
				DEVELOPMENT_TEAM = VCWVH5MHW5;
				GENERATE_INFOPLIST_FILE = YES;
				INFOPLIST_FILE = NewsArticleSampleApp/Info.plist;
				INFOPLIST_KEY_UIApplicationSupportsIndirectInputEvents = YES;
				INFOPLIST_KEY_UILaunchStoryboardName = LaunchScreen;
				INFOPLIST_KEY_UIMainStoryboardFile = Main;
				INFOPLIST_KEY_UISupportedInterfaceOrientations_iPad = "UIInterfaceOrientationPortrait UIInterfaceOrientationPortraitUpsideDown UIInterfaceOrientationLandscapeLeft UIInterfaceOrientationLandscapeRight";
				INFOPLIST_KEY_UISupportedInterfaceOrientations_iPhone = "UIInterfaceOrientationPortrait UIInterfaceOrientationLandscapeLeft UIInterfaceOrientationLandscapeRight";
				LD_RUNPATH_SEARCH_PATHS = (
					"$(inherited)",
					"@executable_path/Frameworks",
				);
				MARKETING_VERSION = 1.0;
				PRODUCT_BUNDLE_IDENTIFIER = com.dev.NewsArticleSampleApp;
				PRODUCT_NAME = "$(TARGET_NAME)";
				SWIFT_EMIT_LOC_STRINGS = YES;
				SWIFT_VERSION = 5.0;
				TARGETED_DEVICE_FAMILY = "1,2";
			};
			name = Release;
		};
		F031CFDD286ECF0B001D2C49 /* Debug */ = {
			isa = XCBuildConfiguration;
			buildSettings = {
				ALWAYS_EMBED_SWIFT_STANDARD_LIBRARIES = YES;
				BUNDLE_LOADER = "$(TEST_HOST)";
				CODE_SIGN_STYLE = Automatic;
				CURRENT_PROJECT_VERSION = 1;
				DEVELOPMENT_TEAM = VCWVH5MHW5;
				GENERATE_INFOPLIST_FILE = YES;
				IPHONEOS_DEPLOYMENT_TARGET = 15.0;
				LD_RUNPATH_SEARCH_PATHS = (
					"$(inherited)",
					"@executable_path/Frameworks",
					"@loader_path/Frameworks",
				);
				MARKETING_VERSION = 1.0;
				PRODUCT_BUNDLE_IDENTIFIER = com.dev.NewsArticleSampleAppTests;
				PRODUCT_NAME = "$(TARGET_NAME)";
				SWIFT_EMIT_LOC_STRINGS = NO;
				SWIFT_VERSION = 5.0;
				TARGETED_DEVICE_FAMILY = "1,2";
				TEST_HOST = "$(BUILT_PRODUCTS_DIR)/NewsArticleSampleApp.app/NewsArticleSampleApp";
			};
			name = Debug;
		};
		F031CFDE286ECF0B001D2C49 /* Release */ = {
			isa = XCBuildConfiguration;
			buildSettings = {
				ALWAYS_EMBED_SWIFT_STANDARD_LIBRARIES = YES;
				BUNDLE_LOADER = "$(TEST_HOST)";
				CODE_SIGN_STYLE = Automatic;
				CURRENT_PROJECT_VERSION = 1;
				DEVELOPMENT_TEAM = VCWVH5MHW5;
				GENERATE_INFOPLIST_FILE = YES;
				IPHONEOS_DEPLOYMENT_TARGET = 15.0;
				LD_RUNPATH_SEARCH_PATHS = (
					"$(inherited)",
					"@executable_path/Frameworks",
					"@loader_path/Frameworks",
				);
				MARKETING_VERSION = 1.0;
				PRODUCT_BUNDLE_IDENTIFIER = com.dev.NewsArticleSampleAppTests;
				PRODUCT_NAME = "$(TARGET_NAME)";
				SWIFT_EMIT_LOC_STRINGS = NO;
				SWIFT_VERSION = 5.0;
				TARGETED_DEVICE_FAMILY = "1,2";
				TEST_HOST = "$(BUILT_PRODUCTS_DIR)/NewsArticleSampleApp.app/NewsArticleSampleApp";
			};
			name = Release;
		};
		F031CFE0286ECF0B001D2C49 /* Debug */ = {
			isa = XCBuildConfiguration;
			buildSettings = {
				ALWAYS_EMBED_SWIFT_STANDARD_LIBRARIES = YES;
				CODE_SIGN_STYLE = Automatic;
				CURRENT_PROJECT_VERSION = 1;
				DEVELOPMENT_TEAM = VCWVH5MHW5;
				GENERATE_INFOPLIST_FILE = YES;
				LD_RUNPATH_SEARCH_PATHS = (
					"$(inherited)",
					"@executable_path/Frameworks",
					"@loader_path/Frameworks",
				);
				MARKETING_VERSION = 1.0;
				PRODUCT_BUNDLE_IDENTIFIER = com.dev.NewsArticleSampleAppUITests;
				PRODUCT_NAME = "$(TARGET_NAME)";
				SWIFT_EMIT_LOC_STRINGS = NO;
				SWIFT_VERSION = 5.0;
				TARGETED_DEVICE_FAMILY = "1,2";
				TEST_TARGET_NAME = NewsArticleSampleApp;
			};
			name = Debug;
		};
		F031CFE1286ECF0B001D2C49 /* Release */ = {
			isa = XCBuildConfiguration;
			buildSettings = {
				ALWAYS_EMBED_SWIFT_STANDARD_LIBRARIES = YES;
				CODE_SIGN_STYLE = Automatic;
				CURRENT_PROJECT_VERSION = 1;
				DEVELOPMENT_TEAM = VCWVH5MHW5;
				GENERATE_INFOPLIST_FILE = YES;
				LD_RUNPATH_SEARCH_PATHS = (
					"$(inherited)",
					"@executable_path/Frameworks",
					"@loader_path/Frameworks",
				);
				MARKETING_VERSION = 1.0;
				PRODUCT_BUNDLE_IDENTIFIER = com.dev.NewsArticleSampleAppUITests;
				PRODUCT_NAME = "$(TARGET_NAME)";
				SWIFT_EMIT_LOC_STRINGS = NO;
				SWIFT_VERSION = 5.0;
				TARGETED_DEVICE_FAMILY = "1,2";
				TEST_TARGET_NAME = NewsArticleSampleApp;
			};
			name = Release;
		};
		F031D00E28701AF1001D2C49 /* Debug */ = {
			isa = XCBuildConfiguration;
			buildSettings = {
				BUNDLE_LOADER = "$(TEST_HOST)";
				CODE_SIGN_STYLE = Automatic;
				CURRENT_PROJECT_VERSION = 1;
				DEVELOPMENT_TEAM = VCWVH5MHW5;
				GENERATE_INFOPLIST_FILE = YES;
				LD_RUNPATH_SEARCH_PATHS = (
					"$(inherited)",
					"@executable_path/Frameworks",
					"@loader_path/Frameworks",
				);
				MARKETING_VERSION = 1.0;
				PRODUCT_BUNDLE_IDENTIFIER = com.dev.NewsArticleSampleAppUnitTests;
				PRODUCT_NAME = "$(TARGET_NAME)";
				SWIFT_EMIT_LOC_STRINGS = NO;
				SWIFT_VERSION = 5.0;
				TARGETED_DEVICE_FAMILY = "1,2";
				TEST_HOST = "$(BUILT_PRODUCTS_DIR)/NewsArticleSampleApp.app/NewsArticleSampleApp";
			};
			name = Debug;
		};
		F031D00F28701AF1001D2C49 /* Release */ = {
			isa = XCBuildConfiguration;
			buildSettings = {
				BUNDLE_LOADER = "$(TEST_HOST)";
				CODE_SIGN_STYLE = Automatic;
				CURRENT_PROJECT_VERSION = 1;
				DEVELOPMENT_TEAM = VCWVH5MHW5;
				GENERATE_INFOPLIST_FILE = YES;
				LD_RUNPATH_SEARCH_PATHS = (
					"$(inherited)",
					"@executable_path/Frameworks",
					"@loader_path/Frameworks",
				);
				MARKETING_VERSION = 1.0;
				PRODUCT_BUNDLE_IDENTIFIER = com.dev.NewsArticleSampleAppUnitTests;
				PRODUCT_NAME = "$(TARGET_NAME)";
				SWIFT_EMIT_LOC_STRINGS = NO;
				SWIFT_VERSION = 5.0;
				TARGETED_DEVICE_FAMILY = "1,2";
				TEST_HOST = "$(BUILT_PRODUCTS_DIR)/NewsArticleSampleApp.app/NewsArticleSampleApp";
			};
			name = Release;
		};
/* End XCBuildConfiguration section */

/* Begin XCConfigurationList section */
		F031CFA7286ECF08001D2C49 /* Build configuration list for PBXProject "NewsArticleSampleApp" */ = {
			isa = XCConfigurationList;
			buildConfigurations = (
				F031CFD7286ECF0B001D2C49 /* Debug */,
				F031CFD8286ECF0B001D2C49 /* Release */,
			);
			defaultConfigurationIsVisible = 0;
			defaultConfigurationName = Release;
		};
		F031CFD9286ECF0B001D2C49 /* Build configuration list for PBXNativeTarget "NewsArticleSampleApp" */ = {
			isa = XCConfigurationList;
			buildConfigurations = (
				F031CFDA286ECF0B001D2C49 /* Debug */,
				F031CFDB286ECF0B001D2C49 /* Release */,
			);
			defaultConfigurationIsVisible = 0;
			defaultConfigurationName = Release;
		};
		F031CFDC286ECF0B001D2C49 /* Build configuration list for PBXNativeTarget "NewsArticleSampleAppTests" */ = {
			isa = XCConfigurationList;
			buildConfigurations = (
				F031CFDD286ECF0B001D2C49 /* Debug */,
				F031CFDE286ECF0B001D2C49 /* Release */,
			);
			defaultConfigurationIsVisible = 0;
			defaultConfigurationName = Release;
		};
		F031CFDF286ECF0B001D2C49 /* Build configuration list for PBXNativeTarget "NewsArticleSampleAppUITests" */ = {
			isa = XCConfigurationList;
			buildConfigurations = (
				F031CFE0286ECF0B001D2C49 /* Debug */,
				F031CFE1286ECF0B001D2C49 /* Release */,
			);
			defaultConfigurationIsVisible = 0;
			defaultConfigurationName = Release;
		};
		F031D00D28701AF1001D2C49 /* Build configuration list for PBXNativeTarget "NewsArticleSampleAppUnitTests" */ = {
			isa = XCConfigurationList;
			buildConfigurations = (
				F031D00E28701AF1001D2C49 /* Debug */,
				F031D00F28701AF1001D2C49 /* Release */,
			);
			defaultConfigurationIsVisible = 0;
			defaultConfigurationName = Release;
		};
/* End XCConfigurationList section */

/* Begin XCVersionGroup section */
		F031CFB8286ECF08001D2C49 /* NewsArticleSampleApp.xcdatamodeld */ = {
			isa = XCVersionGroup;
			children = (
				F031CFB9286ECF08001D2C49 /* NewsArticleSampleApp.xcdatamodel */,
			);
			currentVersion = F031CFB9286ECF08001D2C49 /* NewsArticleSampleApp.xcdatamodel */;
			path = NewsArticleSampleApp.xcdatamodeld;
			sourceTree = "<group>";
			versionGroupType = wrapper.xcdatamodel;
		};
/* End XCVersionGroup section */
	};
	rootObject = F031CFA4286ECF08001D2C49 /* Project object */;
}
